// !$*UTF8*$!
{
	archiveVersion = 1;
	classes = {
	};
	objectVersion = 51;
	objects = {

/* Begin PBXBuildFile section */
		A3288F09267B787C00528A36 /* ZoomInViewController.swift in Sources */ = {isa = PBXBuildFile; fileRef = A3288F08267B787C00528A36 /* ZoomInViewController.swift */; };
		A3456676269EBA9800152E99 /* EmailEditViewController.swift in Sources */ = {isa = PBXBuildFile; fileRef = A3456675269EBA9800152E99 /* EmailEditViewController.swift */; };
		A34F7CFE265BCA00000F31A6 /* EditViewController.swift in Sources */ = {isa = PBXBuildFile; fileRef = A34F7CFD265BCA00000F31A6 /* EditViewController.swift */; };
		A34F7D06265E86E3000F31A6 /* LikesViewController.swift in Sources */ = {isa = PBXBuildFile; fileRef = A34F7D05265E86E3000F31A6 /* LikesViewController.swift */; };
		A35A52C3269C101900CA2685 /* PasseditViewController.swift in Sources */ = {isa = PBXBuildFile; fileRef = A35A52C2269C101900CA2685 /* PasseditViewController.swift */; };
		A3615BE82655435300D80FBB /* ProfileViewController.swift in Sources */ = {isa = PBXBuildFile; fileRef = A3615BE72655435300D80FBB /* ProfileViewController.swift */; };
		A3615BEE2655455000D80FBB /* ProfileTableViewCell.swift in Sources */ = {isa = PBXBuildFile; fileRef = A3615BEC2655455000D80FBB /* ProfileTableViewCell.swift */; };
		A3615BEF2655455000D80FBB /* ProfileTableViewCell.xib in Resources */ = {isa = PBXBuildFile; fileRef = A3615BED2655455000D80FBB /* ProfileTableViewCell.xib */; };
		A3C8056F25EE227800443A66 /* AppDelegate.swift in Sources */ = {isa = PBXBuildFile; fileRef = A3C8056E25EE227800443A66 /* AppDelegate.swift */; };
		A3C8057125EE227800443A66 /* SceneDelegate.swift in Sources */ = {isa = PBXBuildFile; fileRef = A3C8057025EE227800443A66 /* SceneDelegate.swift */; };
		A3C8057625EE227800443A66 /* Main.storyboard in Resources */ = {isa = PBXBuildFile; fileRef = A3C8057425EE227800443A66 /* Main.storyboard */; };
		A3C8057825EE227C00443A66 /* Assets.xcassets in Resources */ = {isa = PBXBuildFile; fileRef = A3C8057725EE227C00443A66 /* Assets.xcassets */; };
		A3C8057B25EE227C00443A66 /* LaunchScreen.storyboard in Resources */ = {isa = PBXBuildFile; fileRef = A3C8057925EE227C00443A66 /* LaunchScreen.storyboard */; };
		A3C8058625EE227C00443A66 /* JTalkTests.swift in Sources */ = {isa = PBXBuildFile; fileRef = A3C8058525EE227C00443A66 /* JTalkTests.swift */; };
		A3C8059125EE227C00443A66 /* JTalkUITests.swift in Sources */ = {isa = PBXBuildFile; fileRef = A3C8059025EE227C00443A66 /* JTalkUITests.swift */; };
		A3C805A525EE247D00443A66 /* TabBarController.swift in Sources */ = {isa = PBXBuildFile; fileRef = A3C805A425EE247D00443A66 /* TabBarController.swift */; };
		A3C805B525EE308900443A66 /* GoogleService-Info.plist in Resources */ = {isa = PBXBuildFile; fileRef = A3C805B425EE308900443A66 /* GoogleService-Info.plist */; };
		A3C805B625EE308900443A66 /* GoogleService-Info.plist in Resources */ = {isa = PBXBuildFile; fileRef = A3C805B425EE308900443A66 /* GoogleService-Info.plist */; };
		A3C805B725EE308900443A66 /* GoogleService-Info.plist in Resources */ = {isa = PBXBuildFile; fileRef = A3C805B425EE308900443A66 /* GoogleService-Info.plist */; };
		A3C805DC25EFBBAE00443A66 /* PostViewController.swift in Sources */ = {isa = PBXBuildFile; fileRef = A3C805DB25EFBBAE00443A66 /* PostViewController.swift */; };
		A3C805E125EFC2FC00443A66 /* Const.swift in Sources */ = {isa = PBXBuildFile; fileRef = A3C805E025EFC2FC00443A66 /* Const.swift */; };
		A3C805E925F3287700443A66 /* SignUpViewController.swift in Sources */ = {isa = PBXBuildFile; fileRef = A3C805E825F3287600443A66 /* SignUpViewController.swift */; };
		A3C8064725F3B8A000443A66 /* User.swift in Sources */ = {isa = PBXBuildFile; fileRef = A3C8064625F3B8A000443A66 /* User.swift */; };
		A3C8064C25F3BCCA00443A66 /* PostData.swift in Sources */ = {isa = PBXBuildFile; fileRef = A3C8064B25F3BCCA00443A66 /* PostData.swift */; };
		A3C8065125F3BF4F00443A66 /* HomeViewController.swift in Sources */ = {isa = PBXBuildFile; fileRef = A3C8065025F3BF4F00443A66 /* HomeViewController.swift */; };
		A3C8065A25F3CAB700443A66 /* PostTableViewCell.swift in Sources */ = {isa = PBXBuildFile; fileRef = A3C8065825F3CAB700443A66 /* PostTableViewCell.swift */; };
		A3C8065B25F3CAB700443A66 /* PostTableViewCell.xib in Resources */ = {isa = PBXBuildFile; fileRef = A3C8065925F3CAB700443A66 /* PostTableViewCell.xib */; };
		A3C8066025F61B6300443A66 /* SettingViewController.swift in Sources */ = {isa = PBXBuildFile; fileRef = A3C8065F25F61B6300443A66 /* SettingViewController.swift */; };
		A3C8066525F6287700443A66 /* UIColor-Extension.swift in Sources */ = {isa = PBXBuildFile; fileRef = A3C8066425F6287700443A66 /* UIColor-Extension.swift */; };
		A3C8066A25FB91C500443A66 /* LoginViewController.swift in Sources */ = {isa = PBXBuildFile; fileRef = A3C8066925FB91C500443A66 /* LoginViewController.swift */; };
		A3C8066F2601124E00443A66 /* File.swift in Sources */ = {isa = PBXBuildFile; fileRef = A3C8066E2601124E00443A66 /* File.swift */; };
		A3C8067426037D5B00443A66 /* JListViewController.swift in Sources */ = {isa = PBXBuildFile; fileRef = A3C8067326037D5B00443A66 /* JListViewController.swift */; };
		A3C8067D2603BA7800443A66 /* MenuViewController.swift in Sources */ = {isa = PBXBuildFile; fileRef = A3C8067C2603BA7800443A66 /* MenuViewController.swift */; };
		A3C806822605A65200443A66 /* Team.swift in Sources */ = {isa = PBXBuildFile; fileRef = A3C806812605A65200443A66 /* Team.swift */; };
		A3C806A7260D605500443A66 /* CommentViewController.swift in Sources */ = {isa = PBXBuildFile; fileRef = A3C806A6260D605500443A66 /* CommentViewController.swift */; };
		A3C806AD260E29CE00443A66 /* CommentHeaderTableViewCell.swift in Sources */ = {isa = PBXBuildFile; fileRef = A3C806AB260E29CE00443A66 /* CommentHeaderTableViewCell.swift */; };
		A3C806AE260E29CE00443A66 /* CommentHeaderTableViewCell.xib in Resources */ = {isa = PBXBuildFile; fileRef = A3C806AC260E29CE00443A66 /* CommentHeaderTableViewCell.xib */; };
		A3C806BD2614A4BB00443A66 /* CommentTableViewCell.swift in Sources */ = {isa = PBXBuildFile; fileRef = A3C806BB2614A4BB00443A66 /* CommentTableViewCell.swift */; };
		A3C806BE2614A4BC00443A66 /* CommentTableViewCell.xib in Resources */ = {isa = PBXBuildFile; fileRef = A3C806BC2614A4BB00443A66 /* CommentTableViewCell.xib */; };
		A3C806C32614CC8800443A66 /* CommentPostViewController.swift in Sources */ = {isa = PBXBuildFile; fileRef = A3C806C22614CC8800443A66 /* CommentPostViewController.swift */; };
		A3C806C92615415A00443A66 /* ChatInputAccessoryView.swift in Sources */ = {isa = PBXBuildFile; fileRef = A3C806C72615415A00443A66 /* ChatInputAccessoryView.swift */; };
		A3C806CA2615415A00443A66 /* ChatInputAccessoryView.xib in Resources */ = {isa = PBXBuildFile; fileRef = A3C806C82615415A00443A66 /* ChatInputAccessoryView.xib */; };
		A3C806D2261D9F2200443A66 /* CommentHeaderFooterView.swift in Sources */ = {isa = PBXBuildFile; fileRef = A3C806D1261D9F2000443A66 /* CommentHeaderFooterView.swift */; };
		A3C806DA261DA1F900443A66 /* CommentHeaderFooterView.xib in Resources */ = {isa = PBXBuildFile; fileRef = A3C806D9261DA1F900443A66 /* CommentHeaderFooterView.xib */; };
		A3C806DF261F017B00443A66 /* CommentData.swift in Sources */ = {isa = PBXBuildFile; fileRef = A3C806DE261F017A00443A66 /* CommentData.swift */; };
		D247A12ABA60593BFD61164E /* Pods_JTalk.framework in Frameworks */ = {isa = PBXBuildFile; fileRef = A303F0C9D15FEFD8D3926342 /* Pods_JTalk.framework */; };
/* End PBXBuildFile section */

/* Begin PBXContainerItemProxy section */
		A3C8058225EE227C00443A66 /* PBXContainerItemProxy */ = {
			isa = PBXContainerItemProxy;
			containerPortal = A3C8056325EE227800443A66 /* Project object */;
			proxyType = 1;
			remoteGlobalIDString = A3C8056A25EE227800443A66;
			remoteInfo = JTalk;
		};
		A3C8058D25EE227C00443A66 /* PBXContainerItemProxy */ = {
			isa = PBXContainerItemProxy;
			containerPortal = A3C8056325EE227800443A66 /* Project object */;
			proxyType = 1;
			remoteGlobalIDString = A3C8056A25EE227800443A66;
			remoteInfo = JTalk;
		};
/* End PBXContainerItemProxy section */

/* Begin PBXFileReference section */
		910D2A3DD6738F485114B4C6 /* Pods-JTalk.release.xcconfig */ = {isa = PBXFileReference; includeInIndex = 1; lastKnownFileType = text.xcconfig; name = "Pods-JTalk.release.xcconfig"; path = "Target Support Files/Pods-JTalk/Pods-JTalk.release.xcconfig"; sourceTree = "<group>"; };
		969AB6606CA0E1441DDC1080 /* Pods-JTalk.debug.xcconfig */ = {isa = PBXFileReference; includeInIndex = 1; lastKnownFileType = text.xcconfig; name = "Pods-JTalk.debug.xcconfig"; path = "Target Support Files/Pods-JTalk/Pods-JTalk.debug.xcconfig"; sourceTree = "<group>"; };
		A303F0C9D15FEFD8D3926342 /* Pods_JTalk.framework */ = {isa = PBXFileReference; explicitFileType = wrapper.framework; includeInIndex = 0; path = Pods_JTalk.framework; sourceTree = BUILT_PRODUCTS_DIR; };
		A3288F08267B787C00528A36 /* ZoomInViewController.swift */ = {isa = PBXFileReference; lastKnownFileType = sourcecode.swift; path = ZoomInViewController.swift; sourceTree = "<group>"; };
		A3456675269EBA9800152E99 /* EmailEditViewController.swift */ = {isa = PBXFileReference; lastKnownFileType = sourcecode.swift; path = EmailEditViewController.swift; sourceTree = "<group>"; };
		A34F7CFD265BCA00000F31A6 /* EditViewController.swift */ = {isa = PBXFileReference; lastKnownFileType = sourcecode.swift; path = EditViewController.swift; sourceTree = "<group>"; };
		A34F7D05265E86E3000F31A6 /* LikesViewController.swift */ = {isa = PBXFileReference; lastKnownFileType = sourcecode.swift; path = LikesViewController.swift; sourceTree = "<group>"; };
		A35A52C2269C101900CA2685 /* PasseditViewController.swift */ = {isa = PBXFileReference; lastKnownFileType = sourcecode.swift; path = PasseditViewController.swift; sourceTree = "<group>"; };
		A3615BE72655435300D80FBB /* ProfileViewController.swift */ = {isa = PBXFileReference; lastKnownFileType = sourcecode.swift; path = ProfileViewController.swift; sourceTree = "<group>"; };
		A3615BEC2655455000D80FBB /* ProfileTableViewCell.swift */ = {isa = PBXFileReference; lastKnownFileType = sourcecode.swift; path = ProfileTableViewCell.swift; sourceTree = "<group>"; };
		A3615BED2655455000D80FBB /* ProfileTableViewCell.xib */ = {isa = PBXFileReference; lastKnownFileType = file.xib; path = ProfileTableViewCell.xib; sourceTree = "<group>"; };
		A3C8056B25EE227800443A66 /* JTalk.app */ = {isa = PBXFileReference; explicitFileType = wrapper.application; includeInIndex = 0; path = JTalk.app; sourceTree = BUILT_PRODUCTS_DIR; };
		A3C8056E25EE227800443A66 /* AppDelegate.swift */ = {isa = PBXFileReference; lastKnownFileType = sourcecode.swift; path = AppDelegate.swift; sourceTree = "<group>"; };
		A3C8057025EE227800443A66 /* SceneDelegate.swift */ = {isa = PBXFileReference; lastKnownFileType = sourcecode.swift; path = SceneDelegate.swift; sourceTree = "<group>"; };
		A3C8057525EE227800443A66 /* Base */ = {isa = PBXFileReference; lastKnownFileType = file.storyboard; name = Base; path = Base.lproj/Main.storyboard; sourceTree = "<group>"; };
		A3C8057725EE227C00443A66 /* Assets.xcassets */ = {isa = PBXFileReference; lastKnownFileType = folder.assetcatalog; path = Assets.xcassets; sourceTree = "<group>"; };
		A3C8057A25EE227C00443A66 /* Base */ = {isa = PBXFileReference; lastKnownFileType = file.storyboard; name = Base; path = Base.lproj/LaunchScreen.storyboard; sourceTree = "<group>"; };
		A3C8057C25EE227C00443A66 /* Info.plist */ = {isa = PBXFileReference; lastKnownFileType = text.plist.xml; path = Info.plist; sourceTree = "<group>"; };
		A3C8058125EE227C00443A66 /* JTalkTests.xctest */ = {isa = PBXFileReference; explicitFileType = wrapper.cfbundle; includeInIndex = 0; path = JTalkTests.xctest; sourceTree = BUILT_PRODUCTS_DIR; };
		A3C8058525EE227C00443A66 /* JTalkTests.swift */ = {isa = PBXFileReference; lastKnownFileType = sourcecode.swift; path = JTalkTests.swift; sourceTree = "<group>"; };
		A3C8058725EE227C00443A66 /* Info.plist */ = {isa = PBXFileReference; lastKnownFileType = text.plist.xml; path = Info.plist; sourceTree = "<group>"; };
		A3C8058C25EE227C00443A66 /* JTalkUITests.xctest */ = {isa = PBXFileReference; explicitFileType = wrapper.cfbundle; includeInIndex = 0; path = JTalkUITests.xctest; sourceTree = BUILT_PRODUCTS_DIR; };
		A3C8059025EE227C00443A66 /* JTalkUITests.swift */ = {isa = PBXFileReference; lastKnownFileType = sourcecode.swift; path = JTalkUITests.swift; sourceTree = "<group>"; };
		A3C8059225EE227C00443A66 /* Info.plist */ = {isa = PBXFileReference; lastKnownFileType = text.plist.xml; path = Info.plist; sourceTree = "<group>"; };
		A3C805A425EE247D00443A66 /* TabBarController.swift */ = {isa = PBXFileReference; lastKnownFileType = sourcecode.swift; path = TabBarController.swift; sourceTree = "<group>"; };
		A3C805B425EE308900443A66 /* GoogleService-Info.plist */ = {isa = PBXFileReference; fileEncoding = 4; lastKnownFileType = text.plist.xml; path = "GoogleService-Info.plist"; sourceTree = "<group>"; };
		A3C805DB25EFBBAE00443A66 /* PostViewController.swift */ = {isa = PBXFileReference; lastKnownFileType = sourcecode.swift; path = PostViewController.swift; sourceTree = "<group>"; };
		A3C805E025EFC2FC00443A66 /* Const.swift */ = {isa = PBXFileReference; lastKnownFileType = sourcecode.swift; path = Const.swift; sourceTree = "<group>"; };
		A3C805E825F3287600443A66 /* SignUpViewController.swift */ = {isa = PBXFileReference; lastKnownFileType = sourcecode.swift; path = SignUpViewController.swift; sourceTree = "<group>"; };
		A3C8064625F3B8A000443A66 /* User.swift */ = {isa = PBXFileReference; lastKnownFileType = sourcecode.swift; path = User.swift; sourceTree = "<group>"; };
		A3C8064B25F3BCCA00443A66 /* PostData.swift */ = {isa = PBXFileReference; lastKnownFileType = sourcecode.swift; path = PostData.swift; sourceTree = "<group>"; };
		A3C8065025F3BF4F00443A66 /* HomeViewController.swift */ = {isa = PBXFileReference; lastKnownFileType = sourcecode.swift; path = HomeViewController.swift; sourceTree = "<group>"; };
		A3C8065825F3CAB700443A66 /* PostTableViewCell.swift */ = {isa = PBXFileReference; lastKnownFileType = sourcecode.swift; path = PostTableViewCell.swift; sourceTree = "<group>"; };
		A3C8065925F3CAB700443A66 /* PostTableViewCell.xib */ = {isa = PBXFileReference; lastKnownFileType = file.xib; path = PostTableViewCell.xib; sourceTree = "<group>"; };
		A3C8065F25F61B6300443A66 /* SettingViewController.swift */ = {isa = PBXFileReference; lastKnownFileType = sourcecode.swift; path = SettingViewController.swift; sourceTree = "<group>"; };
		A3C8066425F6287700443A66 /* UIColor-Extension.swift */ = {isa = PBXFileReference; lastKnownFileType = sourcecode.swift; path = "UIColor-Extension.swift"; sourceTree = "<group>"; };
		A3C8066925FB91C500443A66 /* LoginViewController.swift */ = {isa = PBXFileReference; lastKnownFileType = sourcecode.swift; path = LoginViewController.swift; sourceTree = "<group>"; };
		A3C8066E2601124E00443A66 /* File.swift */ = {isa = PBXFileReference; lastKnownFileType = sourcecode.swift; path = File.swift; sourceTree = "<group>"; };
		A3C8067326037D5B00443A66 /* JListViewController.swift */ = {isa = PBXFileReference; lastKnownFileType = sourcecode.swift; path = JListViewController.swift; sourceTree = "<group>"; };
		A3C8067C2603BA7800443A66 /* MenuViewController.swift */ = {isa = PBXFileReference; lastKnownFileType = sourcecode.swift; path = MenuViewController.swift; sourceTree = "<group>"; };
		A3C806812605A65200443A66 /* Team.swift */ = {isa = PBXFileReference; lastKnownFileType = sourcecode.swift; path = Team.swift; sourceTree = "<group>"; };
		A3C806A6260D605500443A66 /* CommentViewController.swift */ = {isa = PBXFileReference; lastKnownFileType = sourcecode.swift; path = CommentViewController.swift; sourceTree = "<group>"; };
		A3C806AB260E29CE00443A66 /* CommentHeaderTableViewCell.swift */ = {isa = PBXFileReference; lastKnownFileType = sourcecode.swift; path = CommentHeaderTableViewCell.swift; sourceTree = "<group>"; };
		A3C806AC260E29CE00443A66 /* CommentHeaderTableViewCell.xib */ = {isa = PBXFileReference; lastKnownFileType = file.xib; path = CommentHeaderTableViewCell.xib; sourceTree = "<group>"; };
		A3C806BB2614A4BB00443A66 /* CommentTableViewCell.swift */ = {isa = PBXFileReference; lastKnownFileType = sourcecode.swift; path = CommentTableViewCell.swift; sourceTree = "<group>"; };
		A3C806BC2614A4BB00443A66 /* CommentTableViewCell.xib */ = {isa = PBXFileReference; lastKnownFileType = file.xib; path = CommentTableViewCell.xib; sourceTree = "<group>"; };
		A3C806C22614CC8800443A66 /* CommentPostViewController.swift */ = {isa = PBXFileReference; lastKnownFileType = sourcecode.swift; path = CommentPostViewController.swift; sourceTree = "<group>"; };
		A3C806C72615415A00443A66 /* ChatInputAccessoryView.swift */ = {isa = PBXFileReference; lastKnownFileType = sourcecode.swift; path = ChatInputAccessoryView.swift; sourceTree = "<group>"; };
		A3C806C82615415A00443A66 /* ChatInputAccessoryView.xib */ = {isa = PBXFileReference; lastKnownFileType = file.xib; path = ChatInputAccessoryView.xib; sourceTree = "<group>"; };
		A3C806D1261D9F2000443A66 /* CommentHeaderFooterView.swift */ = {isa = PBXFileReference; lastKnownFileType = sourcecode.swift; path = CommentHeaderFooterView.swift; sourceTree = "<group>"; };
		A3C806D9261DA1F900443A66 /* CommentHeaderFooterView.xib */ = {isa = PBXFileReference; lastKnownFileType = file.xib; path = CommentHeaderFooterView.xib; sourceTree = "<group>"; };
		A3C806DE261F017A00443A66 /* CommentData.swift */ = {isa = PBXFileReference; lastKnownFileType = sourcecode.swift; path = CommentData.swift; sourceTree = "<group>"; };
/* End PBXFileReference section */

/* Begin PBXFrameworksBuildPhase section */
		A3C8056825EE227800443A66 /* Frameworks */ = {
			isa = PBXFrameworksBuildPhase;
			buildActionMask = 2147483647;
			files = (
				D247A12ABA60593BFD61164E /* Pods_JTalk.framework in Frameworks */,
			);
			runOnlyForDeploymentPostprocessing = 0;
		};
		A3C8057E25EE227C00443A66 /* Frameworks */ = {
			isa = PBXFrameworksBuildPhase;
			buildActionMask = 2147483647;
			files = (
			);
			runOnlyForDeploymentPostprocessing = 0;
		};
		A3C8058925EE227C00443A66 /* Frameworks */ = {
			isa = PBXFrameworksBuildPhase;
			buildActionMask = 2147483647;
			files = (
			);
			runOnlyForDeploymentPostprocessing = 0;
		};
/* End PBXFrameworksBuildPhase section */

/* Begin PBXGroup section */
		239509C7C9452A5348E5BEED /* Pods */ = {
			isa = PBXGroup;
			children = (
				969AB6606CA0E1441DDC1080 /* Pods-JTalk.debug.xcconfig */,
				910D2A3DD6738F485114B4C6 /* Pods-JTalk.release.xcconfig */,
			);
			path = Pods;
			sourceTree = "<group>";
		};
		6FBC87DC14848451EB6CA271 /* Frameworks */ = {
			isa = PBXGroup;
			children = (
				A303F0C9D15FEFD8D3926342 /* Pods_JTalk.framework */,
			);
			name = Frameworks;
			sourceTree = "<group>";
		};
		A3C8056225EE227800443A66 = {
			isa = PBXGroup;
			children = (
				A3C8056D25EE227800443A66 /* JTalk */,
				A3C8058425EE227C00443A66 /* JTalkTests */,
				A3C8058F25EE227C00443A66 /* JTalkUITests */,
				A3C8056C25EE227800443A66 /* Products */,
				239509C7C9452A5348E5BEED /* Pods */,
				6FBC87DC14848451EB6CA271 /* Frameworks */,
			);
			sourceTree = "<group>";
		};
		A3C8056C25EE227800443A66 /* Products */ = {
			isa = PBXGroup;
			children = (
				A3C8056B25EE227800443A66 /* JTalk.app */,
				A3C8058125EE227C00443A66 /* JTalkTests.xctest */,
				A3C8058C25EE227C00443A66 /* JTalkUITests.xctest */,
			);
			name = Products;
			sourceTree = "<group>";
		};
		A3C8056D25EE227800443A66 /* JTalk */ = {
			isa = PBXGroup;
			children = (
				A3C8056E25EE227800443A66 /* AppDelegate.swift */,
				A3C8057025EE227800443A66 /* SceneDelegate.swift */,
				A3C8066425F6287700443A66 /* UIColor-Extension.swift */,
				A3C805E025EFC2FC00443A66 /* Const.swift */,
				A3C8064625F3B8A000443A66 /* User.swift */,
				A3C8064B25F3BCCA00443A66 /* PostData.swift */,
				A3C806DE261F017A00443A66 /* CommentData.swift */,
				A3C806812605A65200443A66 /* Team.swift */,
				A3C8066E2601124E00443A66 /* File.swift */,
				A3C8057425EE227800443A66 /* Main.storyboard */,
				A3C8067326037D5B00443A66 /* JListViewController.swift */,
				A3C8067C2603BA7800443A66 /* MenuViewController.swift */,
				A3C806A6260D605500443A66 /* CommentViewController.swift */,
				A3C806D1261D9F2000443A66 /* CommentHeaderFooterView.swift */,
				A3C806D9261DA1F900443A66 /* CommentHeaderFooterView.xib */,
				A3C805DB25EFBBAE00443A66 /* PostViewController.swift */,
				A3C8065825F3CAB700443A66 /* PostTableViewCell.swift */,
				A3C8065925F3CAB700443A66 /* PostTableViewCell.xib */,
				A3C806AB260E29CE00443A66 /* CommentHeaderTableViewCell.swift */,
				A3C806AC260E29CE00443A66 /* CommentHeaderTableViewCell.xib */,
				A3C806BB2614A4BB00443A66 /* CommentTableViewCell.swift */,
				A3C806BC2614A4BB00443A66 /* CommentTableViewCell.xib */,
				A3C806C72615415A00443A66 /* ChatInputAccessoryView.swift */,
				A3C806C82615415A00443A66 /* ChatInputAccessoryView.xib */,
				A3C806C22614CC8800443A66 /* CommentPostViewController.swift */,
				A3C805A425EE247D00443A66 /* TabBarController.swift */,
				A3C8066925FB91C500443A66 /* LoginViewController.swift */,
				A3615BEC2655455000D80FBB /* ProfileTableViewCell.swift */,
				A3615BED2655455000D80FBB /* ProfileTableViewCell.xib */,
				A3C8065F25F61B6300443A66 /* SettingViewController.swift */,
				A3C8065025F3BF4F00443A66 /* HomeViewController.swift */,
				A3288F08267B787C00528A36 /* ZoomInViewController.swift */,
				A3615BE72655435300D80FBB /* ProfileViewController.swift */,
				A34F7D05265E86E3000F31A6 /* LikesViewController.swift */,
				A3C805E825F3287600443A66 /* SignUpViewController.swift */,
				A34F7CFD265BCA00000F31A6 /* EditViewController.swift */,
				A35A52C2269C101900CA2685 /* PasseditViewController.swift */,
				A3456675269EBA9800152E99 /* EmailEditViewController.swift */,
				A3C8057725EE227C00443A66 /* Assets.xcassets */,
				A3C8057925EE227C00443A66 /* LaunchScreen.storyboard */,
				A3C8057C25EE227C00443A66 /* Info.plist */,
			);
			path = JTalk;
			sourceTree = "<group>";
		};
		A3C8058425EE227C00443A66 /* JTalkTests */ = {
			isa = PBXGroup;
			children = (
				A3C8058525EE227C00443A66 /* JTalkTests.swift */,
				A3C8058725EE227C00443A66 /* Info.plist */,
			);
			path = JTalkTests;
			sourceTree = "<group>";
		};
		A3C8058F25EE227C00443A66 /* JTalkUITests */ = {
			isa = PBXGroup;
			children = (
				A3C8059025EE227C00443A66 /* JTalkUITests.swift */,
				A3C805B425EE308900443A66 /* GoogleService-Info.plist */,
				A3C8059225EE227C00443A66 /* Info.plist */,
			);
			path = JTalkUITests;
			sourceTree = "<group>";
		};
/* End PBXGroup section */

/* Begin PBXNativeTarget section */
		A3C8056A25EE227800443A66 /* JTalk */ = {
			isa = PBXNativeTarget;
			buildConfigurationList = A3C8059525EE227C00443A66 /* Build configuration list for PBXNativeTarget "JTalk" */;
			buildPhases = (
				106D3FDA3ECE1E84B643CE03 /* [CP] Check Pods Manifest.lock */,
				A3C8056725EE227800443A66 /* Sources */,
				A3C8056825EE227800443A66 /* Frameworks */,
				A3C8056925EE227800443A66 /* Resources */,
				51F495726F4D16DD2A8BBE5A /* [CP] Embed Pods Frameworks */,
			);
			buildRules = (
			);
			dependencies = (
			);
			name = JTalk;
			productName = JTalk;
			productReference = A3C8056B25EE227800443A66 /* JTalk.app */;
			productType = "com.apple.product-type.application";
		};
		A3C8058025EE227C00443A66 /* JTalkTests */ = {
			isa = PBXNativeTarget;
			buildConfigurationList = A3C8059825EE227C00443A66 /* Build configuration list for PBXNativeTarget "JTalkTests" */;
			buildPhases = (
				A3C8057D25EE227C00443A66 /* Sources */,
				A3C8057E25EE227C00443A66 /* Frameworks */,
				A3C8057F25EE227C00443A66 /* Resources */,
			);
			buildRules = (
			);
			dependencies = (
				A3C8058325EE227C00443A66 /* PBXTargetDependency */,
			);
			name = JTalkTests;
			productName = JTalkTests;
			productReference = A3C8058125EE227C00443A66 /* JTalkTests.xctest */;
			productType = "com.apple.product-type.bundle.unit-test";
		};
		A3C8058B25EE227C00443A66 /* JTalkUITests */ = {
			isa = PBXNativeTarget;
			buildConfigurationList = A3C8059B25EE227C00443A66 /* Build configuration list for PBXNativeTarget "JTalkUITests" */;
			buildPhases = (
				A3C8058825EE227C00443A66 /* Sources */,
				A3C8058925EE227C00443A66 /* Frameworks */,
				A3C8058A25EE227C00443A66 /* Resources */,
			);
			buildRules = (
			);
			dependencies = (
				A3C8058E25EE227C00443A66 /* PBXTargetDependency */,
			);
			name = JTalkUITests;
			productName = JTalkUITests;
			productReference = A3C8058C25EE227C00443A66 /* JTalkUITests.xctest */;
			productType = "com.apple.product-type.bundle.ui-testing";
		};
/* End PBXNativeTarget section */

/* Begin PBXProject section */
		A3C8056325EE227800443A66 /* Project object */ = {
			isa = PBXProject;
			attributes = {
				LastSwiftUpdateCheck = 1230;
				LastUpgradeCheck = 1230;
				TargetAttributes = {
					A3C8056A25EE227800443A66 = {
						CreatedOnToolsVersion = 12.3;
					};
					A3C8058025EE227C00443A66 = {
						CreatedOnToolsVersion = 12.3;
						TestTargetID = A3C8056A25EE227800443A66;
					};
					A3C8058B25EE227C00443A66 = {
						CreatedOnToolsVersion = 12.3;
						TestTargetID = A3C8056A25EE227800443A66;
					};
				};
			};
			buildConfigurationList = A3C8056625EE227800443A66 /* Build configuration list for PBXProject "JTalk" */;
			compatibilityVersion = "Xcode 9.3";
			developmentRegion = en;
			hasScannedForEncodings = 0;
			knownRegions = (
				en,
				Base,
			);
			mainGroup = A3C8056225EE227800443A66;
			productRefGroup = A3C8056C25EE227800443A66 /* Products */;
			projectDirPath = "";
			projectRoot = "";
			targets = (
				A3C8056A25EE227800443A66 /* JTalk */,
				A3C8058025EE227C00443A66 /* JTalkTests */,
				A3C8058B25EE227C00443A66 /* JTalkUITests */,
			);
		};
/* End PBXProject section */

/* Begin PBXResourcesBuildPhase section */
		A3C8056925EE227800443A66 /* Resources */ = {
			isa = PBXResourcesBuildPhase;
			buildActionMask = 2147483647;
			files = (
				A3C806AE260E29CE00443A66 /* CommentHeaderTableViewCell.xib in Resources */,
				A3C8057B25EE227C00443A66 /* LaunchScreen.storyboard in Resources */,
				A3C806DA261DA1F900443A66 /* CommentHeaderFooterView.xib in Resources */,
				A3C806CA2615415A00443A66 /* ChatInputAccessoryView.xib in Resources */,
				A3C8065B25F3CAB700443A66 /* PostTableViewCell.xib in Resources */,
				A3C8057825EE227C00443A66 /* Assets.xcassets in Resources */,
				A3C806BE2614A4BC00443A66 /* CommentTableViewCell.xib in Resources */,
				A3C8057625EE227800443A66 /* Main.storyboard in Resources */,
				A3C805B525EE308900443A66 /* GoogleService-Info.plist in Resources */,
				A3615BEF2655455000D80FBB /* ProfileTableViewCell.xib in Resources */,
			);
			runOnlyForDeploymentPostprocessing = 0;
		};
		A3C8057F25EE227C00443A66 /* Resources */ = {
			isa = PBXResourcesBuildPhase;
			buildActionMask = 2147483647;
			files = (
				A3C805B625EE308900443A66 /* GoogleService-Info.plist in Resources */,
			);
			runOnlyForDeploymentPostprocessing = 0;
		};
		A3C8058A25EE227C00443A66 /* Resources */ = {
			isa = PBXResourcesBuildPhase;
			buildActionMask = 2147483647;
			files = (
				A3C805B725EE308900443A66 /* GoogleService-Info.plist in Resources */,
			);
			runOnlyForDeploymentPostprocessing = 0;
		};
/* End PBXResourcesBuildPhase section */

/* Begin PBXShellScriptBuildPhase section */
		106D3FDA3ECE1E84B643CE03 /* [CP] Check Pods Manifest.lock */ = {
			isa = PBXShellScriptBuildPhase;
			buildActionMask = 2147483647;
			files = (
			);
			inputFileListPaths = (
			);
			inputPaths = (
				"${PODS_PODFILE_DIR_PATH}/Podfile.lock",
				"${PODS_ROOT}/Manifest.lock",
			);
			name = "[CP] Check Pods Manifest.lock";
			outputFileListPaths = (
			);
			outputPaths = (
				"$(DERIVED_FILE_DIR)/Pods-JTalk-checkManifestLockResult.txt",
			);
			runOnlyForDeploymentPostprocessing = 0;
			shellPath = /bin/sh;
			shellScript = "diff \"${PODS_PODFILE_DIR_PATH}/Podfile.lock\" \"${PODS_ROOT}/Manifest.lock\" > /dev/null\nif [ $? != 0 ] ; then\n    # print error to STDERR\n    echo \"error: The sandbox is not in sync with the Podfile.lock. Run 'pod install' or update your CocoaPods installation.\" >&2\n    exit 1\nfi\n# This output is used by Xcode 'outputs' to avoid re-running this script phase.\necho \"SUCCESS\" > \"${SCRIPT_OUTPUT_FILE_0}\"\n";
			showEnvVarsInLog = 0;
		};
		51F495726F4D16DD2A8BBE5A /* [CP] Embed Pods Frameworks */ = {
			isa = PBXShellScriptBuildPhase;
			buildActionMask = 2147483647;
			files = (
			);
			inputFileListPaths = (
				"${PODS_ROOT}/Target Support Files/Pods-JTalk/Pods-JTalk-frameworks-${CONFIGURATION}-input-files.xcfilelist",
			);
			name = "[CP] Embed Pods Frameworks";
			outputFileListPaths = (
				"${PODS_ROOT}/Target Support Files/Pods-JTalk/Pods-JTalk-frameworks-${CONFIGURATION}-output-files.xcfilelist",
			);
			runOnlyForDeploymentPostprocessing = 0;
			shellPath = /bin/sh;
			shellScript = "\"${PODS_ROOT}/Target Support Files/Pods-JTalk/Pods-JTalk-frameworks.sh\"\n";
			showEnvVarsInLog = 0;
		};
/* End PBXShellScriptBuildPhase section */

/* Begin PBXSourcesBuildPhase section */
		A3C8056725EE227800443A66 /* Sources */ = {
			isa = PBXSourcesBuildPhase;
			buildActionMask = 2147483647;
			files = (
				A3C805E925F3287700443A66 /* SignUpViewController.swift in Sources */,
				A3C806DF261F017B00443A66 /* CommentData.swift in Sources */,
				A3C8066525F6287700443A66 /* UIColor-Extension.swift in Sources */,
				A3C8066025F61B6300443A66 /* SettingViewController.swift in Sources */,
				A3C806AD260E29CE00443A66 /* CommentHeaderTableViewCell.swift in Sources */,
				A3C806C92615415A00443A66 /* ChatInputAccessoryView.swift in Sources */,
				A3C8064C25F3BCCA00443A66 /* PostData.swift in Sources */,
				A34F7D06265E86E3000F31A6 /* LikesViewController.swift in Sources */,
				A3C806D2261D9F2200443A66 /* CommentHeaderFooterView.swift in Sources */,
				A3C805E125EFC2FC00443A66 /* Const.swift in Sources */,
				A3615BEE2655455000D80FBB /* ProfileTableViewCell.swift in Sources */,
				A3C805DC25EFBBAE00443A66 /* PostViewController.swift in Sources */,
				A3456676269EBA9800152E99 /* EmailEditViewController.swift in Sources */,
				A3288F09267B787C00528A36 /* ZoomInViewController.swift in Sources */,
				A3C806BD2614A4BB00443A66 /* CommentTableViewCell.swift in Sources */,
				A3C805A525EE247D00443A66 /* TabBarController.swift in Sources */,
				A35A52C3269C101900CA2685 /* PasseditViewController.swift in Sources */,
				A3C8067D2603BA7800443A66 /* MenuViewController.swift in Sources */,
				A3C806A7260D605500443A66 /* CommentViewController.swift in Sources */,
				A3C806822605A65200443A66 /* Team.swift in Sources */,
				A3C8065125F3BF4F00443A66 /* HomeViewController.swift in Sources */,
				A3C8056F25EE227800443A66 /* AppDelegate.swift in Sources */,
				A3C8067426037D5B00443A66 /* JListViewController.swift in Sources */,
				A3C8066F2601124E00443A66 /* File.swift in Sources */,
				A3C806C32614CC8800443A66 /* CommentPostViewController.swift in Sources */,
				A3C8065A25F3CAB700443A66 /* PostTableViewCell.swift in Sources */,
				A3C8057125EE227800443A66 /* SceneDelegate.swift in Sources */,
				A3615BE82655435300D80FBB /* ProfileViewController.swift in Sources */,
				A3C8066A25FB91C500443A66 /* LoginViewController.swift in Sources */,
				A3C8064725F3B8A000443A66 /* User.swift in Sources */,
				A34F7CFE265BCA00000F31A6 /* EditViewController.swift in Sources */,
			);
			runOnlyForDeploymentPostprocessing = 0;
		};
		A3C8057D25EE227C00443A66 /* Sources */ = {
			isa = PBXSourcesBuildPhase;
			buildActionMask = 2147483647;
			files = (
				A3C8058625EE227C00443A66 /* JTalkTests.swift in Sources */,
			);
			runOnlyForDeploymentPostprocessing = 0;
		};
		A3C8058825EE227C00443A66 /* Sources */ = {
			isa = PBXSourcesBuildPhase;
			buildActionMask = 2147483647;
			files = (
				A3C8059125EE227C00443A66 /* JTalkUITests.swift in Sources */,
			);
			runOnlyForDeploymentPostprocessing = 0;
		};
/* End PBXSourcesBuildPhase section */

/* Begin PBXTargetDependency section */
		A3C8058325EE227C00443A66 /* PBXTargetDependency */ = {
			isa = PBXTargetDependency;
			target = A3C8056A25EE227800443A66 /* JTalk */;
			targetProxy = A3C8058225EE227C00443A66 /* PBXContainerItemProxy */;
		};
		A3C8058E25EE227C00443A66 /* PBXTargetDependency */ = {
			isa = PBXTargetDependency;
			target = A3C8056A25EE227800443A66 /* JTalk */;
			targetProxy = A3C8058D25EE227C00443A66 /* PBXContainerItemProxy */;
		};
/* End PBXTargetDependency section */

/* Begin PBXVariantGroup section */
		A3C8057425EE227800443A66 /* Main.storyboard */ = {
			isa = PBXVariantGroup;
			children = (
				A3C8057525EE227800443A66 /* Base */,
			);
			name = Main.storyboard;
			sourceTree = "<group>";
		};
		A3C8057925EE227C00443A66 /* LaunchScreen.storyboard */ = {
			isa = PBXVariantGroup;
			children = (
				A3C8057A25EE227C00443A66 /* Base */,
			);
			name = LaunchScreen.storyboard;
			sourceTree = "<group>";
		};
/* End PBXVariantGroup section */

/* Begin XCBuildConfiguration section */
		A3C8059325EE227C00443A66 /* Debug */ = {
			isa = XCBuildConfiguration;
			buildSettings = {
				ALWAYS_SEARCH_USER_PATHS = NO;
				CLANG_ANALYZER_NONNULL = YES;
				CLANG_ANALYZER_NUMBER_OBJECT_CONVERSION = YES_AGGRESSIVE;
				CLANG_CXX_LANGUAGE_STANDARD = "gnu++14";
				CLANG_CXX_LIBRARY = "libc++";
				CLANG_ENABLE_MODULES = YES;
				CLANG_ENABLE_OBJC_ARC = YES;
				CLANG_ENABLE_OBJC_WEAK = YES;
				CLANG_WARN_BLOCK_CAPTURE_AUTORELEASING = YES;
				CLANG_WARN_BOOL_CONVERSION = YES;
				CLANG_WARN_COMMA = YES;
				CLANG_WARN_CONSTANT_CONVERSION = YES;
				CLANG_WARN_DEPRECATED_OBJC_IMPLEMENTATIONS = YES;
				CLANG_WARN_DIRECT_OBJC_ISA_USAGE = YES_ERROR;
				CLANG_WARN_DOCUMENTATION_COMMENTS = YES;
				CLANG_WARN_EMPTY_BODY = YES;
				CLANG_WARN_ENUM_CONVERSION = YES;
				CLANG_WARN_INFINITE_RECURSION = YES;
				CLANG_WARN_INT_CONVERSION = YES;
				CLANG_WARN_NON_LITERAL_NULL_CONVERSION = YES;
				CLANG_WARN_OBJC_IMPLICIT_RETAIN_SELF = YES;
				CLANG_WARN_OBJC_LITERAL_CONVERSION = YES;
				CLANG_WARN_OBJC_ROOT_CLASS = YES_ERROR;
				CLANG_WARN_QUOTED_INCLUDE_IN_FRAMEWORK_HEADER = YES;
				CLANG_WARN_RANGE_LOOP_ANALYSIS = YES;
				CLANG_WARN_STRICT_PROTOTYPES = YES;
				CLANG_WARN_SUSPICIOUS_MOVE = YES;
				CLANG_WARN_UNGUARDED_AVAILABILITY = YES_AGGRESSIVE;
				CLANG_WARN_UNREACHABLE_CODE = YES;
				CLANG_WARN__DUPLICATE_METHOD_MATCH = YES;
				COPY_PHASE_STRIP = NO;
				DEBUG_INFORMATION_FORMAT = dwarf;
				ENABLE_STRICT_OBJC_MSGSEND = YES;
				ENABLE_TESTABILITY = YES;
				GCC_C_LANGUAGE_STANDARD = gnu11;
				GCC_DYNAMIC_NO_PIC = NO;
				GCC_NO_COMMON_BLOCKS = YES;
				GCC_OPTIMIZATION_LEVEL = 0;
				GCC_PREPROCESSOR_DEFINITIONS = (
					"DEBUG=1",
					"$(inherited)",
				);
				GCC_WARN_64_TO_32_BIT_CONVERSION = YES;
				GCC_WARN_ABOUT_RETURN_TYPE = YES_ERROR;
				GCC_WARN_UNDECLARED_SELECTOR = YES;
				GCC_WARN_UNINITIALIZED_AUTOS = YES_AGGRESSIVE;
				GCC_WARN_UNUSED_FUNCTION = YES;
				GCC_WARN_UNUSED_VARIABLE = YES;
				IPHONEOS_DEPLOYMENT_TARGET = 14.3;
				MTL_ENABLE_DEBUG_INFO = INCLUDE_SOURCE;
				MTL_FAST_MATH = YES;
				ONLY_ACTIVE_ARCH = YES;
				SDKROOT = iphoneos;
				SWIFT_ACTIVE_COMPILATION_CONDITIONS = DEBUG;
				SWIFT_OPTIMIZATION_LEVEL = "-Onone";
			};
			name = Debug;
		};
		A3C8059425EE227C00443A66 /* Release */ = {
			isa = XCBuildConfiguration;
			buildSettings = {
				ALWAYS_SEARCH_USER_PATHS = NO;
				CLANG_ANALYZER_NONNULL = YES;
				CLANG_ANALYZER_NUMBER_OBJECT_CONVERSION = YES_AGGRESSIVE;
				CLANG_CXX_LANGUAGE_STANDARD = "gnu++14";
				CLANG_CXX_LIBRARY = "libc++";
				CLANG_ENABLE_MODULES = YES;
				CLANG_ENABLE_OBJC_ARC = YES;
				CLANG_ENABLE_OBJC_WEAK = YES;
				CLANG_WARN_BLOCK_CAPTURE_AUTORELEASING = YES;
				CLANG_WARN_BOOL_CONVERSION = YES;
				CLANG_WARN_COMMA = YES;
				CLANG_WARN_CONSTANT_CONVERSION = YES;
				CLANG_WARN_DEPRECATED_OBJC_IMPLEMENTATIONS = YES;
				CLANG_WARN_DIRECT_OBJC_ISA_USAGE = YES_ERROR;
				CLANG_WARN_DOCUMENTATION_COMMENTS = YES;
				CLANG_WARN_EMPTY_BODY = YES;
				CLANG_WARN_ENUM_CONVERSION = YES;
				CLANG_WARN_INFINITE_RECURSION = YES;
				CLANG_WARN_INT_CONVERSION = YES;
				CLANG_WARN_NON_LITERAL_NULL_CONVERSION = YES;
				CLANG_WARN_OBJC_IMPLICIT_RETAIN_SELF = YES;
				CLANG_WARN_OBJC_LITERAL_CONVERSION = YES;
				CLANG_WARN_OBJC_ROOT_CLASS = YES_ERROR;
				CLANG_WARN_QUOTED_INCLUDE_IN_FRAMEWORK_HEADER = YES;
				CLANG_WARN_RANGE_LOOP_ANALYSIS = YES;
				CLANG_WARN_STRICT_PROTOTYPES = YES;
				CLANG_WARN_SUSPICIOUS_MOVE = YES;
				CLANG_WARN_UNGUARDED_AVAILABILITY = YES_AGGRESSIVE;
				CLANG_WARN_UNREACHABLE_CODE = YES;
				CLANG_WARN__DUPLICATE_METHOD_MATCH = YES;
				COPY_PHASE_STRIP = NO;
				DEBUG_INFORMATION_FORMAT = "dwarf-with-dsym";
				ENABLE_NS_ASSERTIONS = NO;
				ENABLE_STRICT_OBJC_MSGSEND = YES;
				GCC_C_LANGUAGE_STANDARD = gnu11;
				GCC_NO_COMMON_BLOCKS = YES;
				GCC_WARN_64_TO_32_BIT_CONVERSION = YES;
				GCC_WARN_ABOUT_RETURN_TYPE = YES_ERROR;
				GCC_WARN_UNDECLARED_SELECTOR = YES;
				GCC_WARN_UNINITIALIZED_AUTOS = YES_AGGRESSIVE;
				GCC_WARN_UNUSED_FUNCTION = YES;
				GCC_WARN_UNUSED_VARIABLE = YES;
				IPHONEOS_DEPLOYMENT_TARGET = 14.3;
				MTL_ENABLE_DEBUG_INFO = NO;
				MTL_FAST_MATH = YES;
				SDKROOT = iphoneos;
				SWIFT_COMPILATION_MODE = wholemodule;
				SWIFT_OPTIMIZATION_LEVEL = "-O";
				VALIDATE_PRODUCT = YES;
			};
			name = Release;
		};
		A3C8059625EE227C00443A66 /* Debug */ = {
			isa = XCBuildConfiguration;
			baseConfigurationReference = 969AB6606CA0E1441DDC1080 /* Pods-JTalk.debug.xcconfig */;
			buildSettings = {
				ASSETCATALOG_COMPILER_APPICON_NAME = AppIcon;
				ASSETCATALOG_COMPILER_GLOBAL_ACCENT_COLOR_NAME = AccentColor;
				CODE_SIGN_STYLE = Automatic;
				DEVELOPMENT_TEAM = 9J9FWPQU5K;
				INFOPLIST_FILE = JTalk/Info.plist;
				LD_RUNPATH_SEARCH_PATHS = (
					"$(inherited)",
					"@executable_path/Frameworks",
				);
				PRODUCT_BUNDLE_IDENTIFIER = jp.techacademy.kaisei.iwata.JTalk;
				PRODUCT_NAME = "$(TARGET_NAME)";
				SWIFT_VERSION = 5.0;
				TARGETED_DEVICE_FAMILY = "1,2";
			};
			name = Debug;
		};
		A3C8059725EE227C00443A66 /* Release */ = {
			isa = XCBuildConfiguration;
			baseConfigurationReference = 910D2A3DD6738F485114B4C6 /* Pods-JTalk.release.xcconfig */;
			buildSettings = {
				ASSETCATALOG_COMPILER_APPICON_NAME = AppIcon;
				ASSETCATALOG_COMPILER_GLOBAL_ACCENT_COLOR_NAME = AccentColor;
				CODE_SIGN_STYLE = Automatic;
				DEVELOPMENT_TEAM = 9J9FWPQU5K;
				INFOPLIST_FILE = JTalk/Info.plist;
				LD_RUNPATH_SEARCH_PATHS = (
					"$(inherited)",
					"@executable_path/Frameworks",
				);
				PRODUCT_BUNDLE_IDENTIFIER = jp.techacademy.kaisei.iwata.JTalk;
				PRODUCT_NAME = "$(TARGET_NAME)";
				SWIFT_VERSION = 5.0;
				TARGETED_DEVICE_FAMILY = "1,2";
			};
			name = Release;
		};
		A3C8059925EE227C00443A66 /* Debug */ = {
			isa = XCBuildConfiguration;
			buildSettings = {
				ALWAYS_EMBED_SWIFT_STANDARD_LIBRARIES = YES;
				BUNDLE_LOADER = "$(TEST_HOST)";
				CODE_SIGN_STYLE = Automatic;
				DEVELOPMENT_TEAM = 9J9FWPQU5K;
				INFOPLIST_FILE = JTalkTests/Info.plist;
				IPHONEOS_DEPLOYMENT_TARGET = 14.3;
				LD_RUNPATH_SEARCH_PATHS = (
					"$(inherited)",
					"@executable_path/Frameworks",
					"@loader_path/Frameworks",
				);
				PRODUCT_BUNDLE_IDENTIFIER = jp.techacademy.kaisei.iwata.JTalkTests;
				PRODUCT_NAME = "$(TARGET_NAME)";
				SWIFT_VERSION = 5.0;
				TARGETED_DEVICE_FAMILY = "1,2";
				TEST_HOST = "$(BUILT_PRODUCTS_DIR)/JTalk.app/JTalk";
			};
			name = Debug;
		};
		A3C8059A25EE227C00443A66 /* Release */ = {
			isa = XCBuildConfiguration;
			buildSettings = {
				ALWAYS_EMBED_SWIFT_STANDARD_LIBRARIES = YES;
				BUNDLE_LOADER = "$(TEST_HOST)";
				CODE_SIGN_STYLE = Automatic;
				DEVELOPMENT_TEAM = 9J9FWPQU5K;
				INFOPLIST_FILE = JTalkTests/Info.plist;
				IPHONEOS_DEPLOYMENT_TARGET = 14.3;
				LD_RUNPATH_SEARCH_PATHS = (
					"$(inherited)",
					"@executable_path/Frameworks",
					"@loader_path/Frameworks",
				);
				PRODUCT_BUNDLE_IDENTIFIER = jp.techacademy.kaisei.iwata.JTalkTests;
				PRODUCT_NAME = "$(TARGET_NAME)";
				SWIFT_VERSION = 5.0;
				TARGETED_DEVICE_FAMILY = "1,2";
				TEST_HOST = "$(BUILT_PRODUCTS_DIR)/JTalk.app/JTalk";
			};
			name = Release;
		};
		A3C8059C25EE227C00443A66 /* Debug */ = {
			isa = XCBuildConfiguration;
			buildSettings = {
				ALWAYS_EMBED_SWIFT_STANDARD_LIBRARIES = YES;
				CODE_SIGN_STYLE = Automatic;
				DEVELOPMENT_TEAM = 9J9FWPQU5K;
				INFOPLIST_FILE = JTalkUITests/Info.plist;
				LD_RUNPATH_SEARCH_PATHS = (
					"$(inherited)",
					"@executable_path/Frameworks",
					"@loader_path/Frameworks",
				);
				PRODUCT_BUNDLE_IDENTIFIER = jp.techacademy.kaisei.iwata.JTalkUITests;
				PRODUCT_NAME = "$(TARGET_NAME)";
				SWIFT_VERSION = 5.0;
				TARGETED_DEVICE_FAMILY = "1,2";
				TEST_TARGET_NAME = JTalk;
			};
			name = Debug;
		};
		A3C8059D25EE227C00443A66 /* Release */ = {
			isa = XCBuildConfiguration;
			buildSettings = {
				ALWAYS_EMBED_SWIFT_STANDARD_LIBRARIES = YES;
				CODE_SIGN_STYLE = Automatic;
				DEVELOPMENT_TEAM = 9J9FWPQU5K;
				INFOPLIST_FILE = JTalkUITests/Info.plist;
				LD_RUNPATH_SEARCH_PATHS = (
					"$(inherited)",
					"@executable_path/Frameworks",
					"@loader_path/Frameworks",
				);
				PRODUCT_BUNDLE_IDENTIFIER = jp.techacademy.kaisei.iwata.JTalkUITests;
				PRODUCT_NAME = "$(TARGET_NAME)";
				SWIFT_VERSION = 5.0;
				TARGETED_DEVICE_FAMILY = "1,2";
				TEST_TARGET_NAME = JTalk;
			};
			name = Release;
		};
/* End XCBuildConfiguration section */

/* Begin XCConfigurationList section */
		A3C8056625EE227800443A66 /* Build configuration list for PBXProject "JTalk" */ = {
			isa = XCConfigurationList;
			buildConfigurations = (
				A3C8059325EE227C00443A66 /* Debug */,
				A3C8059425EE227C00443A66 /* Release */,
			);
			defaultConfigurationIsVisible = 0;
			defaultConfigurationName = Release;
		};
		A3C8059525EE227C00443A66 /* Build configuration list for PBXNativeTarget "JTalk" */ = {
			isa = XCConfigurationList;
			buildConfigurations = (
				A3C8059625EE227C00443A66 /* Debug */,
				A3C8059725EE227C00443A66 /* Release */,
			);
			defaultConfigurationIsVisible = 0;
			defaultConfigurationName = Release;
		};
		A3C8059825EE227C00443A66 /* Build configuration list for PBXNativeTarget "JTalkTests" */ = {
			isa = XCConfigurationList;
			buildConfigurations = (
				A3C8059925EE227C00443A66 /* Debug */,
				A3C8059A25EE227C00443A66 /* Release */,
			);
			defaultConfigurationIsVisible = 0;
			defaultConfigurationName = Release;
		};
		A3C8059B25EE227C00443A66 /* Build configuration list for PBXNativeTarget "JTalkUITests" */ = {
			isa = XCConfigurationList;
			buildConfigurations = (
				A3C8059C25EE227C00443A66 /* Debug */,
				A3C8059D25EE227C00443A66 /* Release */,
			);
			defaultConfigurationIsVisible = 0;
			defaultConfigurationName = Release;
		};
/* End XCConfigurationList section */
	};
	rootObject = A3C8056325EE227800443A66 /* Project object */;
}
